// !$*UTF8*$!
{
	archiveVersion = 1;
	classes = {
	};
	objectVersion = 50;
	objects = {

/* Begin PBXBuildFile section */
		C442D62427C4D6E400ABC782 /* AppDelegate.swift in Sources */ = {isa = PBXBuildFile; fileRef = C442D62327C4D6E400ABC782 /* AppDelegate.swift */; };
		C442D62627C4D6E400ABC782 /* SceneDelegate.swift in Sources */ = {isa = PBXBuildFile; fileRef = C442D62527C4D6E400ABC782 /* SceneDelegate.swift */; };
		C442D62827C4D6E400ABC782 /* ViewController.swift in Sources */ = {isa = PBXBuildFile; fileRef = C442D62727C4D6E400ABC782 /* ViewController.swift */; };
		C442D62B27C4D6E400ABC782 /* Main.storyboard in Resources */ = {isa = PBXBuildFile; fileRef = C442D62927C4D6E400ABC782 /* Main.storyboard */; };
		C442D62E27C4D6E400ABC782 /* avecCoreData.xcdatamodeld in Sources */ = {isa = PBXBuildFile; fileRef = C442D62C27C4D6E400ABC782 /* avecCoreData.xcdatamodeld */; };
		C442D63027C4D6E500ABC782 /* Assets.xcassets in Resources */ = {isa = PBXBuildFile; fileRef = C442D62F27C4D6E500ABC782 /* Assets.xcassets */; };
		C442D63327C4D6E500ABC782 /* LaunchScreen.storyboard in Resources */ = {isa = PBXBuildFile; fileRef = C442D63127C4D6E500ABC782 /* LaunchScreen.storyboard */; };
		C442D63E27C4D6E500ABC782 /* avecCoreDataTests.swift in Sources */ = {isa = PBXBuildFile; fileRef = C442D63D27C4D6E500ABC782 /* avecCoreDataTests.swift */; };
		C442D64927C4D6E500ABC782 /* avecCoreDataUITests.swift in Sources */ = {isa = PBXBuildFile; fileRef = C442D64827C4D6E500ABC782 /* avecCoreDataUITests.swift */; };
/* End PBXBuildFile section */

/* Begin PBXContainerItemProxy section */
		C442D63A27C4D6E500ABC782 /* PBXContainerItemProxy */ = {
			isa = PBXContainerItemProxy;
			containerPortal = C442D61827C4D6E400ABC782 /* Project object */;
			proxyType = 1;
			remoteGlobalIDString = C442D61F27C4D6E400ABC782;
			remoteInfo = avecCoreData;
		};
		C442D64527C4D6E500ABC782 /* PBXContainerItemProxy */ = {
			isa = PBXContainerItemProxy;
			containerPortal = C442D61827C4D6E400ABC782 /* Project object */;
			proxyType = 1;
			remoteGlobalIDString = C442D61F27C4D6E400ABC782;
			remoteInfo = avecCoreData;
		};
/* End PBXContainerItemProxy section */

/* Begin PBXFileReference section */
		C442D62027C4D6E400ABC782 /* avecCoreData.app */ = {isa = PBXFileReference; explicitFileType = wrapper.application; includeInIndex = 0; path = avecCoreData.app; sourceTree = BUILT_PRODUCTS_DIR; };
		C442D62327C4D6E400ABC782 /* AppDelegate.swift */ = {isa = PBXFileReference; lastKnownFileType = sourcecode.swift; path = AppDelegate.swift; sourceTree = "<group>"; };
		C442D62527C4D6E400ABC782 /* SceneDelegate.swift */ = {isa = PBXFileReference; lastKnownFileType = sourcecode.swift; path = SceneDelegate.swift; sourceTree = "<group>"; };
		C442D62727C4D6E400ABC782 /* ViewController.swift */ = {isa = PBXFileReference; lastKnownFileType = sourcecode.swift; path = ViewController.swift; sourceTree = "<group>"; };
		C442D62A27C4D6E400ABC782 /* Base */ = {isa = PBXFileReference; lastKnownFileType = file.storyboard; name = Base; path = Base.lproj/Main.storyboard; sourceTree = "<group>"; };
		C442D62D27C4D6E400ABC782 /* avecCoreData.xcdatamodel */ = {isa = PBXFileReference; lastKnownFileType = wrapper.xcdatamodel; path = avecCoreData.xcdatamodel; sourceTree = "<group>"; };
		C442D62F27C4D6E500ABC782 /* Assets.xcassets */ = {isa = PBXFileReference; lastKnownFileType = folder.assetcatalog; path = Assets.xcassets; sourceTree = "<group>"; };
		C442D63227C4D6E500ABC782 /* Base */ = {isa = PBXFileReference; lastKnownFileType = file.storyboard; name = Base; path = Base.lproj/LaunchScreen.storyboard; sourceTree = "<group>"; };
		C442D63427C4D6E500ABC782 /* Info.plist */ = {isa = PBXFileReference; lastKnownFileType = text.plist.xml; path = Info.plist; sourceTree = "<group>"; };
		C442D63927C4D6E500ABC782 /* avecCoreDataTests.xctest */ = {isa = PBXFileReference; explicitFileType = wrapper.cfbundle; includeInIndex = 0; path = avecCoreDataTests.xctest; sourceTree = BUILT_PRODUCTS_DIR; };
		C442D63D27C4D6E500ABC782 /* avecCoreDataTests.swift */ = {isa = PBXFileReference; lastKnownFileType = sourcecode.swift; path = avecCoreDataTests.swift; sourceTree = "<group>"; };
		C442D63F27C4D6E500ABC782 /* Info.plist */ = {isa = PBXFileReference; lastKnownFileType = text.plist.xml; path = Info.plist; sourceTree = "<group>"; };
		C442D64427C4D6E500ABC782 /* avecCoreDataUITests.xctest */ = {isa = PBXFileReference; explicitFileType = wrapper.cfbundle; includeInIndex = 0; path = avecCoreDataUITests.xctest; sourceTree = BUILT_PRODUCTS_DIR; };
		C442D64827C4D6E500ABC782 /* avecCoreDataUITests.swift */ = {isa = PBXFileReference; lastKnownFileType = sourcecode.swift; path = avecCoreDataUITests.swift; sourceTree = "<group>"; };
		C442D64A27C4D6E500ABC782 /* Info.plist */ = {isa = PBXFileReference; lastKnownFileType = text.plist.xml; path = Info.plist; sourceTree = "<group>"; };
/* End PBXFileReference section */

/* Begin PBXFrameworksBuildPhase section */
		C442D61D27C4D6E400ABC782 /* Frameworks */ = {
			isa = PBXFrameworksBuildPhase;
			buildActionMask = 2147483647;
			files = (
			);
			runOnlyForDeploymentPostprocessing = 0;
		};
		C442D63627C4D6E500ABC782 /* Frameworks */ = {
			isa = PBXFrameworksBuildPhase;
			buildActionMask = 2147483647;
			files = (
			);
			runOnlyForDeploymentPostprocessing = 0;
		};
		C442D64127C4D6E500ABC782 /* Frameworks */ = {
			isa = PBXFrameworksBuildPhase;
			buildActionMask = 2147483647;
			files = (
			);
			runOnlyForDeploymentPostprocessing = 0;
		};
/* End PBXFrameworksBuildPhase section */

/* Begin PBXGroup section */
		C442D61727C4D6E400ABC782 = {
			isa = PBXGroup;
			children = (
				C442D62227C4D6E400ABC782 /* avecCoreData */,
				C442D63C27C4D6E500ABC782 /* avecCoreDataTests */,
				C442D64727C4D6E500ABC782 /* avecCoreDataUITests */,
				C442D62127C4D6E400ABC782 /* Products */,
			);
			sourceTree = "<group>";
		};
		C442D62127C4D6E400ABC782 /* Products */ = {
			isa = PBXGroup;
			children = (
				C442D62027C4D6E400ABC782 /* avecCoreData.app */,
				C442D63927C4D6E500ABC782 /* avecCoreDataTests.xctest */,
				C442D64427C4D6E500ABC782 /* avecCoreDataUITests.xctest */,
			);
			name = Products;
			sourceTree = "<group>";
		};
		C442D62227C4D6E400ABC782 /* avecCoreData */ = {
			isa = PBXGroup;
			children = (
				C442D62327C4D6E400ABC782 /* AppDelegate.swift */,
				C442D62527C4D6E400ABC782 /* SceneDelegate.swift */,
				C442D62727C4D6E400ABC782 /* ViewController.swift */,
				C442D62927C4D6E400ABC782 /* Main.storyboard */,
				C442D62F27C4D6E500ABC782 /* Assets.xcassets */,
				C442D63127C4D6E500ABC782 /* LaunchScreen.storyboard */,
				C442D63427C4D6E500ABC782 /* Info.plist */,
				C442D62C27C4D6E400ABC782 /* avecCoreData.xcdatamodeld */,
			);
			path = avecCoreData;
			sourceTree = "<group>";
		};
		C442D63C27C4D6E500ABC782 /* avecCoreDataTests */ = {
			isa = PBXGroup;
			children = (
				C442D63D27C4D6E500ABC782 /* avecCoreDataTests.swift */,
				C442D63F27C4D6E500ABC782 /* Info.plist */,
			);
			path = avecCoreDataTests;
			sourceTree = "<group>";
		};
		C442D64727C4D6E500ABC782 /* avecCoreDataUITests */ = {
			isa = PBXGroup;
			children = (
				C442D64827C4D6E500ABC782 /* avecCoreDataUITests.swift */,
				C442D64A27C4D6E500ABC782 /* Info.plist */,
			);
			path = avecCoreDataUITests;
			sourceTree = "<group>";
		};
/* End PBXGroup section */

/* Begin PBXNativeTarget section */
		C442D61F27C4D6E400ABC782 /* avecCoreData */ = {
			isa = PBXNativeTarget;
			buildConfigurationList = C442D64D27C4D6E500ABC782 /* Build configuration list for PBXNativeTarget "avecCoreData" */;
			buildPhases = (
				C442D61C27C4D6E400ABC782 /* Sources */,
				C442D61D27C4D6E400ABC782 /* Frameworks */,
				C442D61E27C4D6E400ABC782 /* Resources */,
			);
			buildRules = (
			);
			dependencies = (
			);
			name = avecCoreData;
			productName = avecCoreData;
			productReference = C442D62027C4D6E400ABC782 /* avecCoreData.app */;
			productType = "com.apple.product-type.application";
		};
		C442D63827C4D6E500ABC782 /* avecCoreDataTests */ = {
			isa = PBXNativeTarget;
			buildConfigurationList = C442D65027C4D6E500ABC782 /* Build configuration list for PBXNativeTarget "avecCoreDataTests" */;
			buildPhases = (
				C442D63527C4D6E500ABC782 /* Sources */,
				C442D63627C4D6E500ABC782 /* Frameworks */,
				C442D63727C4D6E500ABC782 /* Resources */,
			);
			buildRules = (
			);
			dependencies = (
				C442D63B27C4D6E500ABC782 /* PBXTargetDependency */,
			);
			name = avecCoreDataTests;
			productName = avecCoreDataTests;
			productReference = C442D63927C4D6E500ABC782 /* avecCoreDataTests.xctest */;
			productType = "com.apple.product-type.bundle.unit-test";
		};
		C442D64327C4D6E500ABC782 /* avecCoreDataUITests */ = {
			isa = PBXNativeTarget;
			buildConfigurationList = C442D65327C4D6E500ABC782 /* Build configuration list for PBXNativeTarget "avecCoreDataUITests" */;
			buildPhases = (
				C442D64027C4D6E500ABC782 /* Sources */,
				C442D64127C4D6E500ABC782 /* Frameworks */,
				C442D64227C4D6E500ABC782 /* Resources */,
			);
			buildRules = (
			);
			dependencies = (
				C442D64627C4D6E500ABC782 /* PBXTargetDependency */,
			);
			name = avecCoreDataUITests;
			productName = avecCoreDataUITests;
			productReference = C442D64427C4D6E500ABC782 /* avecCoreDataUITests.xctest */;
			productType = "com.apple.product-type.bundle.ui-testing";
		};
/* End PBXNativeTarget section */

/* Begin PBXProject section */
		C442D61827C4D6E400ABC782 /* Project object */ = {
			isa = PBXProject;
			attributes = {
				LastSwiftUpdateCheck = 1250;
				LastUpgradeCheck = 1250;
				TargetAttributes = {
					C442D61F27C4D6E400ABC782 = {
						CreatedOnToolsVersion = 12.5.1;
					};
					C442D63827C4D6E500ABC782 = {
						CreatedOnToolsVersion = 12.5.1;
						TestTargetID = C442D61F27C4D6E400ABC782;
					};
					C442D64327C4D6E500ABC782 = {
						CreatedOnToolsVersion = 12.5.1;
						TestTargetID = C442D61F27C4D6E400ABC782;
					};
				};
			};
			buildConfigurationList = C442D61B27C4D6E400ABC782 /* Build configuration list for PBXProject "avecCoreData" */;
			compatibilityVersion = "Xcode 9.3";
			developmentRegion = en;
			hasScannedForEncodings = 0;
			knownRegions = (
				en,
				Base,
			);
			mainGroup = C442D61727C4D6E400ABC782;
			productRefGroup = C442D62127C4D6E400ABC782 /* Products */;
			projectDirPath = "";
			projectRoot = "";
			targets = (
				C442D61F27C4D6E400ABC782 /* avecCoreData */,
				C442D63827C4D6E500ABC782 /* avecCoreDataTests */,
				C442D64327C4D6E500ABC782 /* avecCoreDataUITests */,
			);
		};
/* End PBXProject section */

/* Begin PBXResourcesBuildPhase section */
		C442D61E27C4D6E400ABC782 /* Resources */ = {
			isa = PBXResourcesBuildPhase;
			buildActionMask = 2147483647;
			files = (
				C442D63327C4D6E500ABC782 /* LaunchScreen.storyboard in Resources */,
				C442D63027C4D6E500ABC782 /* Assets.xcassets in Resources */,
				C442D62B27C4D6E400ABC782 /* Main.storyboard in Resources */,
			);
			runOnlyForDeploymentPostprocessing = 0;
		};
		C442D63727C4D6E500ABC782 /* Resources */ = {
			isa = PBXResourcesBuildPhase;
			buildActionMask = 2147483647;
			files = (
			);
			runOnlyForDeploymentPostprocessing = 0;
		};
		C442D64227C4D6E500ABC782 /* Resources */ = {
			isa = PBXResourcesBuildPhase;
			buildActionMask = 2147483647;
			files = (
			);
			runOnlyForDeploymentPostprocessing = 0;
		};
/* End PBXResourcesBuildPhase section */

/* Begin PBXSourcesBuildPhase section */
		C442D61C27C4D6E400ABC782 /* Sources */ = {
			isa = PBXSourcesBuildPhase;
			buildActionMask = 2147483647;
			files = (
				C442D62827C4D6E400ABC782 /* ViewController.swift in Sources */,
				C442D62427C4D6E400ABC782 /* AppDelegate.swift in Sources */,
				C442D62627C4D6E400ABC782 /* SceneDelegate.swift in Sources */,
				C442D62E27C4D6E400ABC782 /* avecCoreData.xcdatamodeld in Sources */,
			);
			runOnlyForDeploymentPostprocessing = 0;
		};
		C442D63527C4D6E500ABC782 /* Sources */ = {
			isa = PBXSourcesBuildPhase;
			buildActionMask = 2147483647;
			files = (
				C442D63E27C4D6E500ABC782 /* avecCoreDataTests.swift in Sources */,
			);
			runOnlyForDeploymentPostprocessing = 0;
		};
		C442D64027C4D6E500ABC782 /* Sources */ = {
			isa = PBXSourcesBuildPhase;
			buildActionMask = 2147483647;
			files = (
				C442D64927C4D6E500ABC782 /* avecCoreDataUITests.swift in Sources */,
			);
			runOnlyForDeploymentPostprocessing = 0;
		};
/* End PBXSourcesBuildPhase section */

/* Begin PBXTargetDependency section */
		C442D63B27C4D6E500ABC782 /* PBXTargetDependency */ = {
			isa = PBXTargetDependency;
			target = C442D61F27C4D6E400ABC782 /* avecCoreData */;
			targetProxy = C442D63A27C4D6E500ABC782 /* PBXContainerItemProxy */;
		};
		C442D64627C4D6E500ABC782 /* PBXTargetDependency */ = {
			isa = PBXTargetDependency;
			target = C442D61F27C4D6E400ABC782 /* avecCoreData */;
			targetProxy = C442D64527C4D6E500ABC782 /* PBXContainerItemProxy */;
		};
/* End PBXTargetDependency section */

/* Begin PBXVariantGroup section */
		C442D62927C4D6E400ABC782 /* Main.storyboard */ = {
			isa = PBXVariantGroup;
			children = (
				C442D62A27C4D6E400ABC782 /* Base */,
			);
			name = Main.storyboard;
			sourceTree = "<group>";
		};
		C442D63127C4D6E500ABC782 /* LaunchScreen.storyboard */ = {
			isa = PBXVariantGroup;
			children = (
				C442D63227C4D6E500ABC782 /* Base */,
			);
			name = LaunchScreen.storyboard;
			sourceTree = "<group>";
		};
/* End PBXVariantGroup section */

/* Begin XCBuildConfiguration section */
		C442D64B27C4D6E500ABC782 /* Debug */ = {
			isa = XCBuildConfiguration;
			buildSettings = {
				ALWAYS_SEARCH_USER_PATHS = NO;
				CLANG_ANALYZER_NONNULL = YES;
				CLANG_ANALYZER_NUMBER_OBJECT_CONVERSION = YES_AGGRESSIVE;
				CLANG_CXX_LANGUAGE_STANDARD = "gnu++14";
				CLANG_CXX_LIBRARY = "libc++";
				CLANG_ENABLE_MODULES = YES;
				CLANG_ENABLE_OBJC_ARC = YES;
				CLANG_ENABLE_OBJC_WEAK = YES;
				CLANG_WARN_BLOCK_CAPTURE_AUTORELEASING = YES;
				CLANG_WARN_BOOL_CONVERSION = YES;
				CLANG_WARN_COMMA = YES;
				CLANG_WARN_CONSTANT_CONVERSION = YES;
				CLANG_WARN_DEPRECATED_OBJC_IMPLEMENTATIONS = YES;
				CLANG_WARN_DIRECT_OBJC_ISA_USAGE = YES_ERROR;
				CLANG_WARN_DOCUMENTATION_COMMENTS = YES;
				CLANG_WARN_EMPTY_BODY = YES;
				CLANG_WARN_ENUM_CONVERSION = YES;
				CLANG_WARN_INFINITE_RECURSION = YES;
				CLANG_WARN_INT_CONVERSION = YES;
				CLANG_WARN_NON_LITERAL_NULL_CONVERSION = YES;
				CLANG_WARN_OBJC_IMPLICIT_RETAIN_SELF = YES;
				CLANG_WARN_OBJC_LITERAL_CONVERSION = YES;
				CLANG_WARN_OBJC_ROOT_CLASS = YES_ERROR;
				CLANG_WARN_QUOTED_INCLUDE_IN_FRAMEWORK_HEADER = YES;
				CLANG_WARN_RANGE_LOOP_ANALYSIS = YES;
				CLANG_WARN_STRICT_PROTOTYPES = YES;
				CLANG_WARN_SUSPICIOUS_MOVE = YES;
				CLANG_WARN_UNGUARDED_AVAILABILITY = YES_AGGRESSIVE;
				CLANG_WARN_UNREACHABLE_CODE = YES;
				CLANG_WARN__DUPLICATE_METHOD_MATCH = YES;
				COPY_PHASE_STRIP = NO;
				DEBUG_INFORMATION_FORMAT = dwarf;
				ENABLE_STRICT_OBJC_MSGSEND = YES;
				ENABLE_TESTABILITY = YES;
				GCC_C_LANGUAGE_STANDARD = gnu11;
				GCC_DYNAMIC_NO_PIC = NO;
				GCC_NO_COMMON_BLOCKS = YES;
				GCC_OPTIMIZATION_LEVEL = 0;
				GCC_PREPROCESSOR_DEFINITIONS = (
					"DEBUG=1",
					"$(inherited)",
				);
				GCC_WARN_64_TO_32_BIT_CONVERSION = YES;
				GCC_WARN_ABOUT_RETURN_TYPE = YES_ERROR;
				GCC_WARN_UNDECLARED_SELECTOR = YES;
				GCC_WARN_UNINITIALIZED_AUTOS = YES_AGGRESSIVE;
				GCC_WARN_UNUSED_FUNCTION = YES;
				GCC_WARN_UNUSED_VARIABLE = YES;
				IPHONEOS_DEPLOYMENT_TARGET = 14.5;
				MTL_ENABLE_DEBUG_INFO = INCLUDE_SOURCE;
				MTL_FAST_MATH = YES;
				ONLY_ACTIVE_ARCH = YES;
				SDKROOT = iphoneos;
				SWIFT_ACTIVE_COMPILATION_CONDITIONS = DEBUG;
				SWIFT_OPTIMIZATION_LEVEL = "-Onone";
			};
			name = Debug;
		};
		C442D64C27C4D6E500ABC782 /* Release */ = {
			isa = XCBuildConfiguration;
			buildSettings = {
				ALWAYS_SEARCH_USER_PATHS = NO;
				CLANG_ANALYZER_NONNULL = YES;
				CLANG_ANALYZER_NUMBER_OBJECT_CONVERSION = YES_AGGRESSIVE;
				CLANG_CXX_LANGUAGE_STANDARD = "gnu++14";
				CLANG_CXX_LIBRARY = "libc++";
				CLANG_ENABLE_MODULES = YES;
				CLANG_ENABLE_OBJC_ARC = YES;
				CLANG_ENABLE_OBJC_WEAK = YES;
				CLANG_WARN_BLOCK_CAPTURE_AUTORELEASING = YES;
				CLANG_WARN_BOOL_CONVERSION = YES;
				CLANG_WARN_COMMA = YES;
				CLANG_WARN_CONSTANT_CONVERSION = YES;
				CLANG_WARN_DEPRECATED_OBJC_IMPLEMENTATIONS = YES;
				CLANG_WARN_DIRECT_OBJC_ISA_USAGE = YES_ERROR;
				CLANG_WARN_DOCUMENTATION_COMMENTS = YES;
				CLANG_WARN_EMPTY_BODY = YES;
				CLANG_WARN_ENUM_CONVERSION = YES;
				CLANG_WARN_INFINITE_RECURSION = YES;
				CLANG_WARN_INT_CONVERSION = YES;
				CLANG_WARN_NON_LITERAL_NULL_CONVERSION = YES;
				CLANG_WARN_OBJC_IMPLICIT_RETAIN_SELF = YES;
				CLANG_WARN_OBJC_LITERAL_CONVERSION = YES;
				CLANG_WARN_OBJC_ROOT_CLASS = YES_ERROR;
				CLANG_WARN_QUOTED_INCLUDE_IN_FRAMEWORK_HEADER = YES;
				CLANG_WARN_RANGE_LOOP_ANALYSIS = YES;
				CLANG_WARN_STRICT_PROTOTYPES = YES;
				CLANG_WARN_SUSPICIOUS_MOVE = YES;
				CLANG_WARN_UNGUARDED_AVAILABILITY = YES_AGGRESSIVE;
				CLANG_WARN_UNREACHABLE_CODE = YES;
				CLANG_WARN__DUPLICATE_METHOD_MATCH = YES;
				COPY_PHASE_STRIP = NO;
				DEBUG_INFORMATION_FORMAT = "dwarf-with-dsym";
				ENABLE_NS_ASSERTIONS = NO;
				ENABLE_STRICT_OBJC_MSGSEND = YES;
				GCC_C_LANGUAGE_STANDARD = gnu11;
				GCC_NO_COMMON_BLOCKS = YES;
				GCC_WARN_64_TO_32_BIT_CONVERSION = YES;
				GCC_WARN_ABOUT_RETURN_TYPE = YES_ERROR;
				GCC_WARN_UNDECLARED_SELECTOR = YES;
				GCC_WARN_UNINITIALIZED_AUTOS = YES_AGGRESSIVE;
				GCC_WARN_UNUSED_FUNCTION = YES;
				GCC_WARN_UNUSED_VARIABLE = YES;
				IPHONEOS_DEPLOYMENT_TARGET = 14.5;
				MTL_ENABLE_DEBUG_INFO = NO;
				MTL_FAST_MATH = YES;
				SDKROOT = iphoneos;
				SWIFT_COMPILATION_MODE = wholemodule;
				SWIFT_OPTIMIZATION_LEVEL = "-O";
				VALIDATE_PRODUCT = YES;
			};
			name = Release;
		};
		C442D64E27C4D6E500ABC782 /* Debug */ = {
			isa = XCBuildConfiguration;
			buildSettings = {
				ASSETCATALOG_COMPILER_APPICON_NAME = AppIcon;
				ASSETCATALOG_COMPILER_GLOBAL_ACCENT_COLOR_NAME = AccentColor;
				CODE_SIGN_STYLE = Automatic;
				DEVELOPMENT_TEAM = HTKYS2B75Q;
				INFOPLIST_FILE = avecCoreData/Info.plist;
				LD_RUNPATH_SEARCH_PATHS = (
					"$(inherited)",
					"@executable_path/Frameworks",
				);
				PRODUCT_BUNDLE_IDENTIFIER = tn.esprit.avecCoreData;
				PRODUCT_NAME = "$(TARGET_NAME)";
				SWIFT_VERSION = 5.0;
				TARGETED_DEVICE_FAMILY = "1,2";
			};
			name = Debug;
		};
		C442D64F27C4D6E500ABC782 /* Release */ = {
			isa = XCBuildConfiguration;
			buildSettings = {
				ASSETCATALOG_COMPILER_APPICON_NAME = AppIcon;
				ASSETCATALOG_COMPILER_GLOBAL_ACCENT_COLOR_NAME = AccentColor;
				CODE_SIGN_STYLE = Automatic;
				DEVELOPMENT_TEAM = HTKYS2B75Q;
				INFOPLIST_FILE = avecCoreData/Info.plist;
				LD_RUNPATH_SEARCH_PATHS = (
					"$(inherited)",
					"@executable_path/Frameworks",
				);
				PRODUCT_BUNDLE_IDENTIFIER = tn.esprit.avecCoreData;
				PRODUCT_NAME = "$(TARGET_NAME)";
				SWIFT_VERSION = 5.0;
				TARGETED_DEVICE_FAMILY = "1,2";
			};
			name = Release;
		};
		C442D65127C4D6E500ABC782 /* Debug */ = {
			isa = XCBuildConfiguration;
			buildSettings = {
				ALWAYS_EMBED_SWIFT_STANDARD_LIBRARIES = YES;
				BUNDLE_LOADER = "$(TEST_HOST)";
				CODE_SIGN_STYLE = Automatic;
				DEVELOPMENT_TEAM = HTKYS2B75Q;
				INFOPLIST_FILE = avecCoreDataTests/Info.plist;
				IPHONEOS_DEPLOYMENT_TARGET = 14.5;
				LD_RUNPATH_SEARCH_PATHS = (
					"$(inherited)",
					"@executable_path/Frameworks",
					"@loader_path/Frameworks",
				);
				PRODUCT_BUNDLE_IDENTIFIER = tn.esprit.avecCoreDataTests;
				PRODUCT_NAME = "$(TARGET_NAME)";
				SWIFT_VERSION = 5.0;
				TARGETED_DEVICE_FAMILY = "1,2";
				TEST_HOST = "$(BUILT_PRODUCTS_DIR)/avecCoreData.app/avecCoreData";
			};
			name = Debug;
		};
		C442D65227C4D6E500ABC782 /* Release */ = {
			isa = XCBuildConfiguration;
			buildSettings = {
				ALWAYS_EMBED_SWIFT_STANDARD_LIBRARIES = YES;
				BUNDLE_LOADER = "$(TEST_HOST)";
				CODE_SIGN_STYLE = Automatic;
				DEVELOPMENT_TEAM = HTKYS2B75Q;
				INFOPLIST_FILE = avecCoreDataTests/Info.plist;
				IPHONEOS_DEPLOYMENT_TARGET = 14.5;
				LD_RUNPATH_SEARCH_PATHS = (
					"$(inherited)",
					"@executable_path/Frameworks",
					"@loader_path/Frameworks",
				);
				PRODUCT_BUNDLE_IDENTIFIER = tn.esprit.avecCoreDataTests;
				PRODUCT_NAME = "$(TARGET_NAME)";
				SWIFT_VERSION = 5.0;
				TARGETED_DEVICE_FAMILY = "1,2";
				TEST_HOST = "$(BUILT_PRODUCTS_DIR)/avecCoreData.app/avecCoreData";
			};
			name = Release;
		};
		C442D65427C4D6E500ABC782 /* Debug */ = {
			isa = XCBuildConfiguration;
			buildSettings = {
				ALWAYS_EMBED_SWIFT_STANDARD_LIBRARIES = YES;
				CODE_SIGN_STYLE = Automatic;
				DEVELOPMENT_TEAM = HTKYS2B75Q;
				INFOPLIST_FILE = avecCoreDataUITests/Info.plist;
				LD_RUNPATH_SEARCH_PATHS = (
					"$(inherited)",
					"@executable_path/Frameworks",
					"@loader_path/Frameworks",
				);
				PRODUCT_BUNDLE_IDENTIFIER = tn.esprit.avecCoreDataUITests;
				PRODUCT_NAME = "$(TARGET_NAME)";
				SWIFT_VERSION = 5.0;
				TARGETED_DEVICE_FAMILY = "1,2";
				TEST_TARGET_NAME = avecCoreData;
			};
			name = Debug;
		};
		C442D65527C4D6E500ABC782 /* Release */ = {
			isa = XCBuildConfiguration;
			buildSettings = {
				ALWAYS_EMBED_SWIFT_STANDARD_LIBRARIES = YES;
				CODE_SIGN_STYLE = Automatic;
				DEVELOPMENT_TEAM = HTKYS2B75Q;
				INFOPLIST_FILE = avecCoreDataUITests/Info.plist;
				LD_RUNPATH_SEARCH_PATHS = (
					"$(inherited)",
					"@executable_path/Frameworks",
					"@loader_path/Frameworks",
				);
				PRODUCT_BUNDLE_IDENTIFIER = tn.esprit.avecCoreDataUITests;
				PRODUCT_NAME = "$(TARGET_NAME)";
				SWIFT_VERSION = 5.0;
				TARGETED_DEVICE_FAMILY = "1,2";
				TEST_TARGET_NAME = avecCoreData;
			};
			name = Release;
		};
/* End XCBuildConfiguration section */

/* Begin XCConfigurationList section */
		C442D61B27C4D6E400ABC782 /* Build configuration list for PBXProject "avecCoreData" */ = {
			isa = XCConfigurationList;
			buildConfigurations = (
				C442D64B27C4D6E500ABC782 /* Debug */,
				C442D64C27C4D6E500ABC782 /* Release */,
			);
			defaultConfigurationIsVisible = 0;
			defaultConfigurationName = Release;
		};
		C442D64D27C4D6E500ABC782 /* Build configuration list for PBXNativeTarget "avecCoreData" */ = {
			isa = XCConfigurationList;
			buildConfigurations = (
				C442D64E27C4D6E500ABC782 /* Debug */,
				C442D64F27C4D6E500ABC782 /* Release */,
			);
			defaultConfigurationIsVisible = 0;
			defaultConfigurationName = Release;
		};
		C442D65027C4D6E500ABC782 /* Build configuration list for PBXNativeTarget "avecCoreDataTests" */ = {
			isa = XCConfigurationList;
			buildConfigurations = (
				C442D65127C4D6E500ABC782 /* Debug */,
				C442D65227C4D6E500ABC782 /* Release */,
			);
			defaultConfigurationIsVisible = 0;
			defaultConfigurationName = Release;
		};
		C442D65327C4D6E500ABC782 /* Build configuration list for PBXNativeTarget "avecCoreDataUITests" */ = {
			isa = XCConfigurationList;
			buildConfigurations = (
				C442D65427C4D6E500ABC782 /* Debug */,
				C442D65527C4D6E500ABC782 /* Release */,
			);
			defaultConfigurationIsVisible = 0;
			defaultConfigurationName = Release;
		};
/* End XCConfigurationList section */

/* Begin XCVersionGroup section */
		C442D62C27C4D6E400ABC782 /* avecCoreData.xcdatamodeld */ = {
			isa = XCVersionGroup;
			children = (
				C442D62D27C4D6E400ABC782 /* avecCoreData.xcdatamodel */,
			);
			currentVersion = C442D62D27C4D6E400ABC782 /* avecCoreData.xcdatamodel */;
			path = avecCoreData.xcdatamodeld;
			sourceTree = "<group>";
			versionGroupType = wrapper.xcdatamodel;
		};
/* End XCVersionGroup section */
	};
	rootObject = C442D61827C4D6E400ABC782 /* Project object */;
}
